Microsoft Visual Studio Solution File, Format Version 12.00
# Visual Studio Version 17
VisualStudioVersion = 17.5.2.0
MinimumVisualStudioVersion = 10.0.40219.1
Project("{FAE04EC0-301F-11D3-BF4B-00C04F79EFBC}") = "CadastraEmpresas", "CadastraEmpresas\CadastraEmpresas.csproj", "{081CB0B9-917C-60A6-7781-2D8AF61FAAD0}"
EndProject
Global
	GlobalSection(SolutionConfigurationPlatforms) = preSolution
		Debug|Any CPU = Debug|Any CPU
		Release|Any CPU = Release|Any CPU
	EndGlobalSection
	GlobalSection(ProjectConfigurationPlatforms) = postSolution
		{081CB0B9-917C-60A6-7781-2D8AF61FAAD0}.Debug|Any CPU.ActiveCfg = Debug|Any CPU
		{081CB0B9-917C-60A6-7781-2D8AF61FAAD0}.Debug|Any CPU.Build.0 = Debug|Any CPU
		{081CB0B9-917C-60A6-7781-2D8AF61FAAD0}.Release|Any CPU.ActiveCfg = Release|Any CPU
		{081CB0B9-917C-60A6-7781-2D8AF61FAAD0}.Release|Any CPU.Build.0 = Release|Any CPU
	EndGlobalSection
	GlobalSection(SolutionProperties) = preSolution
		HideSolutionNode = FALSE
	EndGlobalSection
	GlobalSection(ExtensibilityGlobals) = postSolution
		SolutionGuid = {34220800-DF9E-4B69-995C-574B4D57041E}
	EndGlobalSection
EndGlobal
